
Microsoft Visual Studio Solution File, Format Version 12.00
# Visual Studio Version 16
VisualStudioVersion = 16.0.31702.278
MinimumVisualStudioVersion = 10.0.40219.1
Project("{FAE04EC0-301F-11D3-BF4B-00C04F79EFBC}") = "CenterManager", "CenterManager\CenterManager.csproj", "{5BFC2C84-AD0B-4518-A99D-B93656BABB32}"
EndProject
Global
	GlobalSection(SolutionConfigurationPlatforms) = preSolution
		Debug|Any CPU = Debug|Any CPU
		Release|Any CPU = Release|Any CPU
	EndGlobalSection
	GlobalSection(ProjectConfigurationPlatforms) = postSolution
		{5BFC2C84-AD0B-4518-A99D-B93656BABB32}.Debug|Any CPU.ActiveCfg = Debug|Any CPU
		{5BFC2C84-AD0B-4518-A99D-B93656BABB32}.Debug|Any CPU.Build.0 = Debug|Any CPU
		{5BFC2C84-AD0B-4518-A99D-B93656BABB32}.Release|Any CPU.ActiveCfg = Release|Any CPU
		{5BFC2C84-AD0B-4518-A99D-B93656BABB32}.Release|Any CPU.Build.0 = Release|Any CPU
	EndGlobalSection
	GlobalSection(SolutionProperties) = preSolution
		HideSolutionNode = FALSE
	EndGlobalSection
	GlobalSection(ExtensibilityGlobals) = postSolution
		SolutionGuid = {EF964F90-14FA-42C8-8E00-DF232A39CD7D}
	EndGlobalSection
EndGlobal
